# This file is automatically @generated by Cargo.
# It is not intended for manual editing.
version = 4

[[package]]
name = "recursive_copy"
version = "1.2.1"
dependencies = [
 "walkdir_minimal",
]

[[package]]
name = "walkdir_minimal"
version = "1.1.0"
source = "registry+https://github.com/rust-lang/crates.io-index"
checksum = "c31e39676e32f81aca74b83a99825128984e79d8f4b83828935e1d591708f8de"
